
Microsoft Visual Studio Solution File, Format Version 12.00
# Visual Studio Version 16
VisualStudioVersion = 16.0.29009.5
MinimumVisualStudioVersion = 10.0.40219.1
Project("{9A19103F-16F7-4668-BE54-9A1E7A4F7556}") = "AlwaysDecrypted", "AlwaysDecrypted.csproj", "{28FB40ED-B3DF-46E9-B677-9CF9233C4C9B}"
EndProject
Global
	GlobalSection(SolutionConfigurationPlatforms) = preSolution
		Debug|Any CPU = Debug|Any CPU
		Release|Any CPU = Release|Any CPU
	EndGlobalSection
	GlobalSection(ProjectConfigurationPlatforms) = postSolution
		{28FB40ED-B3DF-46E9-B677-9CF9233C4C9B}.Debug|Any CPU.ActiveCfg = Debug|Any CPU
		{28FB40ED-B3DF-46E9-B677-9CF9233C4C9B}.Debug|Any CPU.Build.0 = Debug|Any CPU
		{28FB40ED-B3DF-46E9-B677-9CF9233C4C9B}.Release|Any CPU.ActiveCfg = Release|Any CPU
		{28FB40ED-B3DF-46E9-B677-9CF9233C4C9B}.Release|Any CPU.Build.0 = Release|Any CPU
	EndGlobalSection
	GlobalSection(SolutionProperties) = preSolution
		HideSolutionNode = FALSE
	EndGlobalSection
	GlobalSection(ExtensibilityGlobals) = postSolution
		SolutionGuid = {CC8D08C8-25BD-4E4A-B683-96040C53F645}
	EndGlobalSection
EndGlobal
